Microsoft Visual Studio Solution File, Format Version 12.00
# Visual Studio 15
VisualStudioVersion = 15.0.28307.106
MinimumVisualStudioVersion = 10.0.40219.1
Project("{9A19103F-16F7-4668-BE54-9A1E7A4F7556}") = "PlanningPoker.WebApi", "PlanningPoker.WebApi\PlanningPoker.WebApi.csproj", "{75DACB7E-7069-4C59-8BC5-991E1A465280}"
EndProject
Project("{2150E333-8FDC-42A3-9474-1A3956D46DE8}") = "Solution Items", "Solution Items", "{3482A07B-FF98-46B2-81DA-DD6F6FB37088}"
	ProjectSection(SolutionItems) = preProject
		.editorconfig = .editorconfig
		.gitignore = .gitignore
		.travis.yml = .travis.yml
		docker-compose.yaml = docker-compose.yaml
		README.md = README.md
	EndProjectSection
EndProject
Project("{9A19103F-16F7-4668-BE54-9A1E7A4F7556}") = "PlanningPoker.WebApi.Tests", "PlanningPoker.WebApi.Tests\PlanningPoker.WebApi.Tests.csproj", "{45F5B5AC-D760-431E-87F3-BE6F095668ED}"
EndProject
Project("{2150E333-8FDC-42A3-9474-1A3956D46DE8}") = "WebApi", "WebApi", "{671BC047-91D6-412A-81DC-2B815C7D8A00}"
EndProject
Project("{FAE04EC0-301F-11D3-BF4B-00C04F79EFBC}") = "PlanningPoker.App.Android", "PlanningPoker.App.Android\PlanningPoker.App.Android.csproj", "{24CE3C36-16B9-426D-AA0C-5961ECF8D88C}"
EndProject
Project("{9A19103F-16F7-4668-BE54-9A1E7A4F7556}") = "PlanningPoker.App", "PlanningPoker.App\PlanningPoker.App.csproj", "{5CE4026D-49F3-4000-A05C-A09EC3862D8E}"
EndProject
Project("{2150E333-8FDC-42A3-9474-1A3956D46DE8}") = "App", "App", "{F34B7FAE-FF0C-4338-AA71-7F3A867227C8}"
EndProject
Project("{9A19103F-16F7-4668-BE54-9A1E7A4F7556}") = "PlanningPoker.Entities", "PlanningPoker.Entities\PlanningPoker.Entities.csproj", "{C7EA6CAF-F0D6-44DF-A0B0-C4F34B743911}"
EndProject
Project("{9A19103F-16F7-4668-BE54-9A1E7A4F7556}") = "PlanningPoker.Shared", "PlanningPoker.Shared\PlanningPoker.Shared.csproj", "{AB828A7D-0237-45B1-8562-59EA94B680EF}"
	ProjectSection(ProjectDependencies) = postProject
		{C7EA6CAF-F0D6-44DF-A0B0-C4F34B743911} = {C7EA6CAF-F0D6-44DF-A0B0-C4F34B743911}
	EndProjectSection
EndProject
Project("{9A19103F-16F7-4668-BE54-9A1E7A4F7556}") = "PlanningPoker.Entities.Tests", "PlanningPoker.Entities.Tests\PlanningPoker.Entities.Tests.csproj", "{9EF49BEE-9675-4564-A04E-0541F0BBE40E}"
EndProject
Project("{9A19103F-16F7-4668-BE54-9A1E7A4F7556}") = "PlanningPoker.Services", "PlanningPoker.Services\PlanningPoker.Services.csproj", "{4DC61403-0211-4B93-9589-2CD7FC4BDC2B}"
EndProject
Project("{9A19103F-16F7-4668-BE54-9A1E7A4F7556}") = "PlanningPoker.Services.Tests", "PlanningPoker.Services.Tests\PlanningPoker.Services.Tests.csproj", "{DA133D3D-BEA3-4056-B9D4-68B24F05AECF}"
	ProjectSection(ProjectDependencies) = postProject
		{4DC61403-0211-4B93-9589-2CD7FC4BDC2B} = {4DC61403-0211-4B93-9589-2CD7FC4BDC2B}
	EndProjectSection
EndProject
Project("{9A19103F-16F7-4668-BE54-9A1E7A4F7556}") = "PlanningPoker.App.Tests", "PlanningPoker.App.Tests\PlanningPoker.App.Tests.csproj", "{8B2070A3-26D9-43BE-B870-CCF0B7D7D324}"
EndProject
Project("{FAE04EC0-301F-11D3-BF4B-00C04F79EFBC}") = "PlanningPoker.App.UWP", "PlanningPoker.App.UWP\PlanningPoker.App.UWP.csproj", "{BF7E75A3-FD36-4556-8944-02AEEE628986}"
EndProject
Global
	GlobalSection(SolutionConfigurationPlatforms) = preSolution
		Debug|Any CPU = Debug|Any CPU
		Debug|ARM = Debug|ARM
		Debug|ARM64 = Debug|ARM64
		Debug|x64 = Debug|x64
		Debug|x86 = Debug|x86
		Release|Any CPU = Release|Any CPU
		Release|ARM = Release|ARM
		Release|ARM64 = Release|ARM64
		Release|x64 = Release|x64
		Release|x86 = Release|x86
	EndGlobalSection
	GlobalSection(ProjectConfigurationPlatforms) = postSolution
		{75DACB7E-7069-4C59-8BC5-991E1A465280}.Debug|Any CPU.ActiveCfg = Debug|Any CPU
		{75DACB7E-7069-4C59-8BC5-991E1A465280}.Debug|Any CPU.Build.0 = Debug|Any CPU
		{75DACB7E-7069-4C59-8BC5-991E1A465280}.Debug|Any CPU.Deploy.0 = Debug|Any CPU
		{75DACB7E-7069-4C59-8BC5-991E1A465280}.Debug|ARM.ActiveCfg = Debug|Any CPU
		{75DACB7E-7069-4C59-8BC5-991E1A465280}.Debug|ARM.Build.0 = Debug|Any CPU
		{75DACB7E-7069-4C59-8BC5-991E1A465280}.Debug|ARM64.ActiveCfg = Debug|Any CPU
		{75DACB7E-7069-4C59-8BC5-991E1A465280}.Debug|ARM64.Build.0 = Debug|Any CPU
		{75DACB7E-7069-4C59-8BC5-991E1A465280}.Debug|x64.ActiveCfg = Debug|Any CPU
		{75DACB7E-7069-4C59-8BC5-991E1A465280}.Debug|x64.Build.0 = Debug|Any CPU
		{75DACB7E-7069-4C59-8BC5-991E1A465280}.Debug|x86.ActiveCfg = Debug|Any CPU
		{75DACB7E-7069-4C59-8BC5-991E1A465280}.Debug|x86.Build.0 = Debug|Any CPU
		{75DACB7E-7069-4C59-8BC5-991E1A465280}.Release|Any CPU.ActiveCfg = Release|Any CPU
		{75DACB7E-7069-4C59-8BC5-991E1A465280}.Release|Any CPU.Build.0 = Release|Any CPU
		{75DACB7E-7069-4C59-8BC5-991E1A465280}.Release|ARM.ActiveCfg = Release|Any CPU
		{75DACB7E-7069-4C59-8BC5-991E1A465280}.Release|ARM.Build.0 = Release|Any CPU
		{75DACB7E-7069-4C59-8BC5-991E1A465280}.Release|ARM64.ActiveCfg = Release|Any CPU
		{75DACB7E-7069-4C59-8BC5-991E1A465280}.Release|ARM64.Build.0 = Release|Any CPU
		{75DACB7E-7069-4C59-8BC5-991E1A465280}.Release|x64.ActiveCfg = Release|Any CPU
		{75DACB7E-7069-4C59-8BC5-991E1A465280}.Release|x64.Build.0 = Release|Any CPU
		{75DACB7E-7069-4C59-8BC5-991E1A465280}.Release|x86.ActiveCfg = Release|Any CPU
		{75DACB7E-7069-4C59-8BC5-991E1A465280}.Release|x86.Build.0 = Release|Any CPU
		{45F5B5AC-D760-431E-87F3-BE6F095668ED}.Debug|Any CPU.ActiveCfg = Debug|Any CPU
		{45F5B5AC-D760-431E-87F3-BE6F095668ED}.Debug|Any CPU.Build.0 = Debug|Any CPU
		{45F5B5AC-D760-431E-87F3-BE6F095668ED}.Debug|ARM.ActiveCfg = Debug|Any CPU
		{45F5B5AC-D760-431E-87F3-BE6F095668ED}.Debug|ARM.Build.0 = Debug|Any CPU
		{45F5B5AC-D760-431E-87F3-BE6F095668ED}.Debug|ARM64.ActiveCfg = Debug|Any CPU
		{45F5B5AC-D760-431E-87F3-BE6F095668ED}.Debug|ARM64.Build.0 = Debug|Any CPU
		{45F5B5AC-D760-431E-87F3-BE6F095668ED}.Debug|x64.ActiveCfg = Debug|Any CPU
		{45F5B5AC-D760-431E-87F3-BE6F095668ED}.Debug|x64.Build.0 = Debug|Any CPU
		{45F5B5AC-D760-431E-87F3-BE6F095668ED}.Debug|x86.ActiveCfg = Debug|Any CPU
		{45F5B5AC-D760-431E-87F3-BE6F095668ED}.Debug|x86.Build.0 = Debug|Any CPU
		{45F5B5AC-D760-431E-87F3-BE6F095668ED}.Release|Any CPU.ActiveCfg = Release|Any CPU
		{45F5B5AC-D760-431E-87F3-BE6F095668ED}.Release|Any CPU.Build.0 = Release|Any CPU
		{45F5B5AC-D760-431E-87F3-BE6F095668ED}.Release|ARM.ActiveCfg = Release|Any CPU
		{45F5B5AC-D760-431E-87F3-BE6F095668ED}.Release|ARM.Build.0 = Release|Any CPU
		{45F5B5AC-D760-431E-87F3-BE6F095668ED}.Release|ARM64.ActiveCfg = Release|Any CPU
		{45F5B5AC-D760-431E-87F3-BE6F095668ED}.Release|ARM64.Build.0 = Release|Any CPU
		{45F5B5AC-D760-431E-87F3-BE6F095668ED}.Release|x64.ActiveCfg = Release|Any CPU
		{45F5B5AC-D760-431E-87F3-BE6F095668ED}.Release|x64.Build.0 = Release|Any CPU
		{45F5B5AC-D760-431E-87F3-BE6F095668ED}.Release|x86.ActiveCfg = Release|Any CPU
		{45F5B5AC-D760-431E-87F3-BE6F095668ED}.Release|x86.Build.0 = Release|Any CPU
		{24CE3C36-16B9-426D-AA0C-5961ECF8D88C}.Debug|Any CPU.ActiveCfg = Debug|Any CPU
		{24CE3C36-16B9-426D-AA0C-5961ECF8D88C}.Debug|Any CPU.Build.0 = Debug|Any CPU
		{24CE3C36-16B9-426D-AA0C-5961ECF8D88C}.Debug|Any CPU.Deploy.0 = Debug|Any CPU
		{24CE3C36-16B9-426D-AA0C-5961ECF8D88C}.Debug|ARM.ActiveCfg = Debug|Any CPU
		{24CE3C36-16B9-426D-AA0C-5961ECF8D88C}.Debug|ARM.Build.0 = Debug|Any CPU
		{24CE3C36-16B9-426D-AA0C-5961ECF8D88C}.Debug|ARM.Deploy.0 = Debug|Any CPU
		{24CE3C36-16B9-426D-AA0C-5961ECF8D88C}.Debug|ARM64.ActiveCfg = Debug|Any CPU
		{24CE3C36-16B9-426D-AA0C-5961ECF8D88C}.Debug|ARM64.Build.0 = Debug|Any CPU
		{24CE3C36-16B9-426D-AA0C-5961ECF8D88C}.Debug|ARM64.Deploy.0 = Debug|Any CPU
		{24CE3C36-16B9-426D-AA0C-5961ECF8D88C}.Debug|x64.ActiveCfg = Debug|Any CPU
		{24CE3C36-16B9-426D-AA0C-5961ECF8D88C}.Debug|x64.Build.0 = Debug|Any CPU
		{24CE3C36-16B9-426D-AA0C-5961ECF8D88C}.Debug|x64.Deploy.0 = Debug|Any CPU
		{24CE3C36-16B9-426D-AA0C-5961ECF8D88C}.Debug|x86.ActiveCfg = Debug|Any CPU
		{24CE3C36-16B9-426D-AA0C-5961ECF8D88C}.Debug|x86.Build.0 = Debug|Any CPU
		{24CE3C36-16B9-426D-AA0C-5961ECF8D88C}.Debug|x86.Deploy.0 = Debug|Any CPU
		{24CE3C36-16B9-426D-AA0C-5961ECF8D88C}.Release|Any CPU.ActiveCfg = Release|Any CPU
		{24CE3C36-16B9-426D-AA0C-5961ECF8D88C}.Release|Any CPU.Build.0 = Release|Any CPU
		{24CE3C36-16B9-426D-AA0C-5961ECF8D88C}.Release|ARM.ActiveCfg = Release|Any CPU
		{24CE3C36-16B9-426D-AA0C-5961ECF8D88C}.Release|ARM.Build.0 = Release|Any CPU
		{24CE3C36-16B9-426D-AA0C-5961ECF8D88C}.Release|ARM.Deploy.0 = Release|Any CPU
		{24CE3C36-16B9-426D-AA0C-5961ECF8D88C}.Release|ARM64.ActiveCfg = Release|Any CPU
		{24CE3C36-16B9-426D-AA0C-5961ECF8D88C}.Release|ARM64.Build.0 = Release|Any CPU
		{24CE3C36-16B9-426D-AA0C-5961ECF8D88C}.Release|ARM64.Deploy.0 = Release|Any CPU
		{24CE3C36-16B9-426D-AA0C-5961ECF8D88C}.Release|x64.ActiveCfg = Release|Any CPU
		{24CE3C36-16B9-426D-AA0C-5961ECF8D88C}.Release|x64.Build.0 = Release|Any CPU
		{24CE3C36-16B9-426D-AA0C-5961ECF8D88C}.Release|x64.Deploy.0 = Release|Any CPU
		{24CE3C36-16B9-426D-AA0C-5961ECF8D88C}.Release|x86.ActiveCfg = Release|Any CPU
		{24CE3C36-16B9-426D-AA0C-5961ECF8D88C}.Release|x86.Build.0 = Release|Any CPU
		{24CE3C36-16B9-426D-AA0C-5961ECF8D88C}.Release|x86.Deploy.0 = Release|Any CPU
		{5CE4026D-49F3-4000-A05C-A09EC3862D8E}.Debug|Any CPU.ActiveCfg = Debug|Any CPU
		{5CE4026D-49F3-4000-A05C-A09EC3862D8E}.Debug|Any CPU.Build.0 = Debug|Any CPU
		{5CE4026D-49F3-4000-A05C-A09EC3862D8E}.Debug|ARM.ActiveCfg = Debug|Any CPU
		{5CE4026D-49F3-4000-A05C-A09EC3862D8E}.Debug|ARM.Build.0 = Debug|Any CPU
		{5CE4026D-49F3-4000-A05C-A09EC3862D8E}.Debug|ARM64.ActiveCfg = Debug|Any CPU
		{5CE4026D-49F3-4000-A05C-A09EC3862D8E}.Debug|ARM64.Build.0 = Debug|Any CPU
		{5CE4026D-49F3-4000-A05C-A09EC3862D8E}.Debug|x64.ActiveCfg = Debug|Any CPU
		{5CE4026D-49F3-4000-A05C-A09EC3862D8E}.Debug|x64.Build.0 = Debug|Any CPU
		{5CE4026D-49F3-4000-A05C-A09EC3862D8E}.Debug|x86.ActiveCfg = Debug|Any CPU
		{5CE4026D-49F3-4000-A05C-A09EC3862D8E}.Debug|x86.Build.0 = Debug|Any CPU
		{5CE4026D-49F3-4000-A05C-A09EC3862D8E}.Release|Any CPU.ActiveCfg = Release|Any CPU
		{5CE4026D-49F3-4000-A05C-A09EC3862D8E}.Release|Any CPU.Build.0 = Release|Any CPU
		{5CE4026D-49F3-4000-A05C-A09EC3862D8E}.Release|ARM.ActiveCfg = Release|Any CPU
		{5CE4026D-49F3-4000-A05C-A09EC3862D8E}.Release|ARM.Build.0 = Release|Any CPU
		{5CE4026D-49F3-4000-A05C-A09EC3862D8E}.Release|ARM64.ActiveCfg = Release|Any CPU
		{5CE4026D-49F3-4000-A05C-A09EC3862D8E}.Release|ARM64.Build.0 = Release|Any CPU
		{5CE4026D-49F3-4000-A05C-A09EC3862D8E}.Release|x64.ActiveCfg = Release|Any CPU
		{5CE4026D-49F3-4000-A05C-A09EC3862D8E}.Release|x64.Build.0 = Release|Any CPU
		{5CE4026D-49F3-4000-A05C-A09EC3862D8E}.Release|x86.ActiveCfg = Release|Any CPU
		{5CE4026D-49F3-4000-A05C-A09EC3862D8E}.Release|x86.Build.0 = Release|Any CPU
		{C7EA6CAF-F0D6-44DF-A0B0-C4F34B743911}.Debug|Any CPU.ActiveCfg = Debug|Any CPU
		{C7EA6CAF-F0D6-44DF-A0B0-C4F34B743911}.Debug|Any CPU.Build.0 = Debug|Any CPU
		{C7EA6CAF-F0D6-44DF-A0B0-C4F34B743911}.Debug|ARM.ActiveCfg = Debug|Any CPU
		{C7EA6CAF-F0D6-44DF-A0B0-C4F34B743911}.Debug|ARM.Build.0 = Debug|Any CPU
		{C7EA6CAF-F0D6-44DF-A0B0-C4F34B743911}.Debug|ARM64.ActiveCfg = Debug|Any CPU
		{C7EA6CAF-F0D6-44DF-A0B0-C4F34B743911}.Debug|ARM64.Build.0 = Debug|Any CPU
		{C7EA6CAF-F0D6-44DF-A0B0-C4F34B743911}.Debug|x64.ActiveCfg = Debug|Any CPU
		{C7EA6CAF-F0D6-44DF-A0B0-C4F34B743911}.Debug|x64.Build.0 = Debug|Any CPU
		{C7EA6CAF-F0D6-44DF-A0B0-C4F34B743911}.Debug|x86.ActiveCfg = Debug|Any CPU
		{C7EA6CAF-F0D6-44DF-A0B0-C4F34B743911}.Debug|x86.Build.0 = Debug|Any CPU
		{C7EA6CAF-F0D6-44DF-A0B0-C4F34B743911}.Release|Any CPU.ActiveCfg = Release|Any CPU
		{C7EA6CAF-F0D6-44DF-A0B0-C4F34B743911}.Release|Any CPU.Build.0 = Release|Any CPU
		{C7EA6CAF-F0D6-44DF-A0B0-C4F34B743911}.Release|ARM.ActiveCfg = Release|Any CPU
		{C7EA6CAF-F0D6-44DF-A0B0-C4F34B743911}.Release|ARM.Build.0 = Release|Any CPU
		{C7EA6CAF-F0D6-44DF-A0B0-C4F34B743911}.Release|ARM64.ActiveCfg = Release|Any CPU
		{C7EA6CAF-F0D6-44DF-A0B0-C4F34B743911}.Release|ARM64.Build.0 = Release|Any CPU
		{C7EA6CAF-F0D6-44DF-A0B0-C4F34B743911}.Release|x64.ActiveCfg = Release|Any CPU
		{C7EA6CAF-F0D6-44DF-A0B0-C4F34B743911}.Release|x64.Build.0 = Release|Any CPU
		{C7EA6CAF-F0D6-44DF-A0B0-C4F34B743911}.Release|x86.ActiveCfg = Release|Any CPU
		{C7EA6CAF-F0D6-44DF-A0B0-C4F34B743911}.Release|x86.Build.0 = Release|Any CPU
		{AB828A7D-0237-45B1-8562-59EA94B680EF}.Debug|Any CPU.ActiveCfg = Debug|Any CPU
		{AB828A7D-0237-45B1-8562-59EA94B680EF}.Debug|Any CPU.Build.0 = Debug|Any CPU
		{AB828A7D-0237-45B1-8562-59EA94B680EF}.Debug|ARM.ActiveCfg = Debug|Any CPU
		{AB828A7D-0237-45B1-8562-59EA94B680EF}.Debug|ARM.Build.0 = Debug|Any CPU
		{AB828A7D-0237-45B1-8562-59EA94B680EF}.Debug|ARM64.ActiveCfg = Debug|Any CPU
		{AB828A7D-0237-45B1-8562-59EA94B680EF}.Debug|ARM64.Build.0 = Debug|Any CPU
		{AB828A7D-0237-45B1-8562-59EA94B680EF}.Debug|x64.ActiveCfg = Debug|Any CPU
		{AB828A7D-0237-45B1-8562-59EA94B680EF}.Debug|x64.Build.0 = Debug|Any CPU
		{AB828A7D-0237-45B1-8562-59EA94B680EF}.Debug|x86.ActiveCfg = Debug|Any CPU
		{AB828A7D-0237-45B1-8562-59EA94B680EF}.Debug|x86.Build.0 = Debug|Any CPU
		{AB828A7D-0237-45B1-8562-59EA94B680EF}.Release|Any CPU.ActiveCfg = Release|Any CPU
		{AB828A7D-0237-45B1-8562-59EA94B680EF}.Release|Any CPU.Build.0 = Release|Any CPU
		{AB828A7D-0237-45B1-8562-59EA94B680EF}.Release|ARM.ActiveCfg = Release|Any CPU
		{AB828A7D-0237-45B1-8562-59EA94B680EF}.Release|ARM.Build.0 = Release|Any CPU
		{AB828A7D-0237-45B1-8562-59EA94B680EF}.Release|ARM64.ActiveCfg = Release|Any CPU
		{AB828A7D-0237-45B1-8562-59EA94B680EF}.Release|ARM64.Build.0 = Release|Any CPU
		{AB828A7D-0237-45B1-8562-59EA94B680EF}.Release|x64.ActiveCfg = Release|Any CPU
		{AB828A7D-0237-45B1-8562-59EA94B680EF}.Release|x64.Build.0 = Release|Any CPU
		{AB828A7D-0237-45B1-8562-59EA94B680EF}.Release|x86.ActiveCfg = Release|Any CPU
		{AB828A7D-0237-45B1-8562-59EA94B680EF}.Release|x86.Build.0 = Release|Any CPU
		{9EF49BEE-9675-4564-A04E-0541F0BBE40E}.Debug|Any CPU.ActiveCfg = Debug|Any CPU
		{9EF49BEE-9675-4564-A04E-0541F0BBE40E}.Debug|Any CPU.Build.0 = Debug|Any CPU
		{9EF49BEE-9675-4564-A04E-0541F0BBE40E}.Debug|ARM.ActiveCfg = Debug|Any CPU
		{9EF49BEE-9675-4564-A04E-0541F0BBE40E}.Debug|ARM.Build.0 = Debug|Any CPU
		{9EF49BEE-9675-4564-A04E-0541F0BBE40E}.Debug|ARM64.ActiveCfg = Debug|Any CPU
		{9EF49BEE-9675-4564-A04E-0541F0BBE40E}.Debug|ARM64.Build.0 = Debug|Any CPU
		{9EF49BEE-9675-4564-A04E-0541F0BBE40E}.Debug|x64.ActiveCfg = Debug|Any CPU
		{9EF49BEE-9675-4564-A04E-0541F0BBE40E}.Debug|x64.Build.0 = Debug|Any CPU
		{9EF49BEE-9675-4564-A04E-0541F0BBE40E}.Debug|x86.ActiveCfg = Debug|Any CPU
		{9EF49BEE-9675-4564-A04E-0541F0BBE40E}.Debug|x86.Build.0 = Debug|Any CPU
		{9EF49BEE-9675-4564-A04E-0541F0BBE40E}.Release|Any CPU.ActiveCfg = Release|Any CPU
		{9EF49BEE-9675-4564-A04E-0541F0BBE40E}.Release|Any CPU.Build.0 = Release|Any CPU
		{9EF49BEE-9675-4564-A04E-0541F0BBE40E}.Release|ARM.ActiveCfg = Release|Any CPU
		{9EF49BEE-9675-4564-A04E-0541F0BBE40E}.Release|ARM.Build.0 = Release|Any CPU
		{9EF49BEE-9675-4564-A04E-0541F0BBE40E}.Release|ARM64.ActiveCfg = Release|Any CPU
		{9EF49BEE-9675-4564-A04E-0541F0BBE40E}.Release|ARM64.Build.0 = Release|Any CPU
		{9EF49BEE-9675-4564-A04E-0541F0BBE40E}.Release|x64.ActiveCfg = Release|Any CPU
		{9EF49BEE-9675-4564-A04E-0541F0BBE40E}.Release|x64.Build.0 = Release|Any CPU
		{9EF49BEE-9675-4564-A04E-0541F0BBE40E}.Release|x86.ActiveCfg = Release|Any CPU
		{9EF49BEE-9675-4564-A04E-0541F0BBE40E}.Release|x86.Build.0 = Release|Any CPU
		{4DC61403-0211-4B93-9589-2CD7FC4BDC2B}.Debug|Any CPU.ActiveCfg = Debug|Any CPU
		{4DC61403-0211-4B93-9589-2CD7FC4BDC2B}.Debug|Any CPU.Build.0 = Debug|Any CPU
		{4DC61403-0211-4B93-9589-2CD7FC4BDC2B}.Debug|ARM.ActiveCfg = Debug|Any CPU
		{4DC61403-0211-4B93-9589-2CD7FC4BDC2B}.Debug|ARM.Build.0 = Debug|Any CPU
		{4DC61403-0211-4B93-9589-2CD7FC4BDC2B}.Debug|ARM64.ActiveCfg = Debug|Any CPU
		{4DC61403-0211-4B93-9589-2CD7FC4BDC2B}.Debug|ARM64.Build.0 = Debug|Any CPU
		{4DC61403-0211-4B93-9589-2CD7FC4BDC2B}.Debug|x64.ActiveCfg = Debug|Any CPU
		{4DC61403-0211-4B93-9589-2CD7FC4BDC2B}.Debug|x64.Build.0 = Debug|Any CPU
		{4DC61403-0211-4B93-9589-2CD7FC4BDC2B}.Debug|x86.ActiveCfg = Debug|Any CPU
		{4DC61403-0211-4B93-9589-2CD7FC4BDC2B}.Debug|x86.Build.0 = Debug|Any CPU
		{4DC61403-0211-4B93-9589-2CD7FC4BDC2B}.Release|Any CPU.ActiveCfg = Release|Any CPU
		{4DC61403-0211-4B93-9589-2CD7FC4BDC2B}.Release|Any CPU.Build.0 = Release|Any CPU
		{4DC61403-0211-4B93-9589-2CD7FC4BDC2B}.Release|ARM.ActiveCfg = Release|Any CPU
		{4DC61403-0211-4B93-9589-2CD7FC4BDC2B}.Release|ARM.Build.0 = Release|Any CPU
		{4DC61403-0211-4B93-9589-2CD7FC4BDC2B}.Release|ARM64.ActiveCfg = Release|Any CPU
		{4DC61403-0211-4B93-9589-2CD7FC4BDC2B}.Release|ARM64.Build.0 = Release|Any CPU
		{4DC61403-0211-4B93-9589-2CD7FC4BDC2B}.Release|x64.ActiveCfg = Release|Any CPU
		{4DC61403-0211-4B93-9589-2CD7FC4BDC2B}.Release|x64.Build.0 = Release|Any CPU
		{4DC61403-0211-4B93-9589-2CD7FC4BDC2B}.Release|x86.ActiveCfg = Release|Any CPU
		{4DC61403-0211-4B93-9589-2CD7FC4BDC2B}.Release|x86.Build.0 = Release|Any CPU
		{DA133D3D-BEA3-4056-B9D4-68B24F05AECF}.Debug|Any CPU.ActiveCfg = Debug|Any CPU
		{DA133D3D-BEA3-4056-B9D4-68B24F05AECF}.Debug|Any CPU.Build.0 = Debug|Any CPU
		{DA133D3D-BEA3-4056-B9D4-68B24F05AECF}.Debug|ARM.ActiveCfg = Debug|Any CPU
		{DA133D3D-BEA3-4056-B9D4-68B24F05AECF}.Debug|ARM.Build.0 = Debug|Any CPU
		{DA133D3D-BEA3-4056-B9D4-68B24F05AECF}.Debug|ARM64.ActiveCfg = Debug|Any CPU
		{DA133D3D-BEA3-4056-B9D4-68B24F05AECF}.Debug|ARM64.Build.0 = Debug|Any CPU
		{DA133D3D-BEA3-4056-B9D4-68B24F05AECF}.Debug|x64.ActiveCfg = Debug|Any CPU
		{DA133D3D-BEA3-4056-B9D4-68B24F05AECF}.Debug|x64.Build.0 = Debug|Any CPU
		{DA133D3D-BEA3-4056-B9D4-68B24F05AECF}.Debug|x86.ActiveCfg = Debug|Any CPU
		{DA133D3D-BEA3-4056-B9D4-68B24F05AECF}.Debug|x86.Build.0 = Debug|Any CPU
		{DA133D3D-BEA3-4056-B9D4-68B24F05AECF}.Release|Any CPU.ActiveCfg = Release|Any CPU
		{DA133D3D-BEA3-4056-B9D4-68B24F05AECF}.Release|Any CPU.Build.0 = Release|Any CPU
		{DA133D3D-BEA3-4056-B9D4-68B24F05AECF}.Release|ARM.ActiveCfg = Release|Any CPU
		{DA133D3D-BEA3-4056-B9D4-68B24F05AECF}.Release|ARM.Build.0 = Release|Any CPU
		{DA133D3D-BEA3-4056-B9D4-68B24F05AECF}.Release|ARM64.ActiveCfg = Release|Any CPU
		{DA133D3D-BEA3-4056-B9D4-68B24F05AECF}.Release|ARM64.Build.0 = Release|Any CPU
		{DA133D3D-BEA3-4056-B9D4-68B24F05AECF}.Release|x64.ActiveCfg = Release|Any CPU
		{DA133D3D-BEA3-4056-B9D4-68B24F05AECF}.Release|x64.Build.0 = Release|Any CPU
		{DA133D3D-BEA3-4056-B9D4-68B24F05AECF}.Release|x86.ActiveCfg = Release|Any CPU
		{DA133D3D-BEA3-4056-B9D4-68B24F05AECF}.Release|x86.Build.0 = Release|Any CPU
		{8B2070A3-26D9-43BE-B870-CCF0B7D7D324}.Debug|Any CPU.ActiveCfg = Debug|Any CPU
		{8B2070A3-26D9-43BE-B870-CCF0B7D7D324}.Debug|Any CPU.Build.0 = Debug|Any CPU
		{8B2070A3-26D9-43BE-B870-CCF0B7D7D324}.Debug|ARM.ActiveCfg = Debug|Any CPU
		{8B2070A3-26D9-43BE-B870-CCF0B7D7D324}.Debug|ARM.Build.0 = Debug|Any CPU
		{8B2070A3-26D9-43BE-B870-CCF0B7D7D324}.Debug|ARM64.ActiveCfg = Debug|Any CPU
		{8B2070A3-26D9-43BE-B870-CCF0B7D7D324}.Debug|ARM64.Build.0 = Debug|Any CPU
		{8B2070A3-26D9-43BE-B870-CCF0B7D7D324}.Debug|x64.ActiveCfg = Debug|Any CPU
		{8B2070A3-26D9-43BE-B870-CCF0B7D7D324}.Debug|x64.Build.0 = Debug|Any CPU
		{8B2070A3-26D9-43BE-B870-CCF0B7D7D324}.Debug|x86.ActiveCfg = Debug|Any CPU
		{8B2070A3-26D9-43BE-B870-CCF0B7D7D324}.Debug|x86.Build.0 = Debug|Any CPU
		{8B2070A3-26D9-43BE-B870-CCF0B7D7D324}.Release|Any CPU.ActiveCfg = Release|Any CPU
		{8B2070A3-26D9-43BE-B870-CCF0B7D7D324}.Release|Any CPU.Build.0 = Release|Any CPU
		{8B2070A3-26D9-43BE-B870-CCF0B7D7D324}.Release|ARM.ActiveCfg = Release|Any CPU
		{8B2070A3-26D9-43BE-B870-CCF0B7D7D324}.Release|ARM.Build.0 = Release|Any CPU
		{8B2070A3-26D9-43BE-B870-CCF0B7D7D324}.Release|ARM64.ActiveCfg = Release|Any CPU
		{8B2070A3-26D9-43BE-B870-CCF0B7D7D324}.Release|ARM64.Build.0 = Release|Any CPU
		{8B2070A3-26D9-43BE-B870-CCF0B7D7D324}.Release|x64.ActiveCfg = Release|Any CPU
		{8B2070A3-26D9-43BE-B870-CCF0B7D7D324}.Release|x64.Build.0 = Release|Any CPU
		{8B2070A3-26D9-43BE-B870-CCF0B7D7D324}.Release|x86.ActiveCfg = Release|Any CPU
		{8B2070A3-26D9-43BE-B870-CCF0B7D7D324}.Release|x86.Build.0 = Release|Any CPU
		{BF7E75A3-FD36-4556-8944-02AEEE628986}.Debug|Any CPU.ActiveCfg = Debug|x86
		{BF7E75A3-FD36-4556-8944-02AEEE628986}.Debug|ARM.ActiveCfg = Debug|ARM
		{BF7E75A3-FD36-4556-8944-02AEEE628986}.Debug|ARM.Build.0 = Debug|ARM
		{BF7E75A3-FD36-4556-8944-02AEEE628986}.Debug|ARM.Deploy.0 = Debug|ARM
		{BF7E75A3-FD36-4556-8944-02AEEE628986}.Debug|ARM64.ActiveCfg = Debug|ARM64
		{BF7E75A3-FD36-4556-8944-02AEEE628986}.Debug|ARM64.Build.0 = Debug|ARM64
		{BF7E75A3-FD36-4556-8944-02AEEE628986}.Debug|ARM64.Deploy.0 = Debug|ARM64
		{BF7E75A3-FD36-4556-8944-02AEEE628986}.Debug|x64.ActiveCfg = Debug|x64
		{BF7E75A3-FD36-4556-8944-02AEEE628986}.Debug|x64.Build.0 = Debug|x64
		{BF7E75A3-FD36-4556-8944-02AEEE628986}.Debug|x64.Deploy.0 = Debug|x64
		{BF7E75A3-FD36-4556-8944-02AEEE628986}.Debug|x86.ActiveCfg = Debug|x86
		{BF7E75A3-FD36-4556-8944-02AEEE628986}.Debug|x86.Build.0 = Debug|x86
		{BF7E75A3-FD36-4556-8944-02AEEE628986}.Debug|x86.Deploy.0 = Debug|x86
		{BF7E75A3-FD36-4556-8944-02AEEE628986}.Release|Any CPU.ActiveCfg = Release|x86
		{BF7E75A3-FD36-4556-8944-02AEEE628986}.Release|ARM.ActiveCfg = Release|ARM
		{BF7E75A3-FD36-4556-8944-02AEEE628986}.Release|ARM.Build.0 = Release|ARM
		{BF7E75A3-FD36-4556-8944-02AEEE628986}.Release|ARM.Deploy.0 = Release|ARM
		{BF7E75A3-FD36-4556-8944-02AEEE628986}.Release|ARM64.ActiveCfg = Release|ARM64
		{BF7E75A3-FD36-4556-8944-02AEEE628986}.Release|ARM64.Build.0 = Release|ARM64
		{BF7E75A3-FD36-4556-8944-02AEEE628986}.Release|ARM64.Deploy.0 = Release|ARM64
		{BF7E75A3-FD36-4556-8944-02AEEE628986}.Release|x64.ActiveCfg = Release|x64
		{BF7E75A3-FD36-4556-8944-02AEEE628986}.Release|x64.Build.0 = Release|x64
		{BF7E75A3-FD36-4556-8944-02AEEE628986}.Release|x64.Deploy.0 = Release|x64
		{BF7E75A3-FD36-4556-8944-02AEEE628986}.Release|x86.ActiveCfg = Release|x86
		{BF7E75A3-FD36-4556-8944-02AEEE628986}.Release|x86.Build.0 = Release|x86
		{BF7E75A3-FD36-4556-8944-02AEEE628986}.Release|x86.Deploy.0 = Release|x86
	EndGlobalSection
	GlobalSection(SolutionProperties) = preSolution
		HideSolutionNode = FALSE
	EndGlobalSection
	GlobalSection(NestedProjects) = preSolution
		{75DACB7E-7069-4C59-8BC5-991E1A465280} = {671BC047-91D6-412A-81DC-2B815C7D8A00}
		{45F5B5AC-D760-431E-87F3-BE6F095668ED} = {671BC047-91D6-412A-81DC-2B815C7D8A00}
		{24CE3C36-16B9-426D-AA0C-5961ECF8D88C} = {F34B7FAE-FF0C-4338-AA71-7F3A867227C8}
		{5CE4026D-49F3-4000-A05C-A09EC3862D8E} = {F34B7FAE-FF0C-4338-AA71-7F3A867227C8}
		{C7EA6CAF-F0D6-44DF-A0B0-C4F34B743911} = {671BC047-91D6-412A-81DC-2B815C7D8A00}
		{AB828A7D-0237-45B1-8562-59EA94B680EF} = {671BC047-91D6-412A-81DC-2B815C7D8A00}
		{9EF49BEE-9675-4564-A04E-0541F0BBE40E} = {671BC047-91D6-412A-81DC-2B815C7D8A00}
		{4DC61403-0211-4B93-9589-2CD7FC4BDC2B} = {671BC047-91D6-412A-81DC-2B815C7D8A00}
		{DA133D3D-BEA3-4056-B9D4-68B24F05AECF} = {671BC047-91D6-412A-81DC-2B815C7D8A00}
		{8B2070A3-26D9-43BE-B870-CCF0B7D7D324} = {F34B7FAE-FF0C-4338-AA71-7F3A867227C8}
		{BF7E75A3-FD36-4556-8944-02AEEE628986} = {F34B7FAE-FF0C-4338-AA71-7F3A867227C8}
	EndGlobalSection
	GlobalSection(ExtensibilityGlobals) = postSolution
		SolutionGuid = {C41E91F8-0BAF-4400-8C20-4089531EAB6B}
	EndGlobalSection
EndGlobal
