
Microsoft Visual Studio Solution File, Format Version 12.00
# Visual Studio 15
Project("{FAE04EC0-301F-11D3-BF4B-00C04F79EFBC}") = "PlanningPoker.WebApi", "PlanningPoker.WebApi\PlanningPoker.WebApi.csproj", "{75DACB7E-7069-4C59-8BC5-991E1A465280}"
EndProject
Project("{2150E333-8FDC-42A3-9474-1A3956D46DE8}") = "Solution Items", "Solution Items", "{3482A07B-FF98-46B2-81DA-DD6F6FB37088}"
	ProjectSection(SolutionItems) = preProject
		.travis.yml = .travis.yml
		.gitignore = .gitignore
		.editorconfig = .editorconfig
		docker-compose.yaml = docker-compose.yaml
	EndProjectSection
EndProject
Project("{FAE04EC0-301F-11D3-BF4B-00C04F79EFBC}") = "PlanningPoker.WebApi.Tests", "PlanningPoker.WebApi.Tests\PlanningPoker.WebApi.Tests.csproj", "{45F5B5AC-D760-431E-87F3-BE6F095668ED}"
EndProject
Project("{2150E333-8FDC-42A3-9474-1A3956D46DE8}") = "WebApi", "WebApi", "{671BC047-91D6-412A-81DC-2B815C7D8A00}"
EndProject
Project("{FAE04EC0-301F-11D3-BF4B-00C04F79EFBC}") = "PlanningPoker.App.Android", "PlanningPoker.App.Android\PlanningPoker.App.Android.csproj", "{24CE3C36-16B9-426D-AA0C-5961ECF8D88C}"
EndProject
Project("{FAE04EC0-301F-11D3-BF4B-00C04F79EFBC}") = "PlanningPoker.App", "PlanningPoker.App\PlanningPoker.App.csproj", "{5CE4026D-49F3-4000-A05C-A09EC3862D8E}"
EndProject
Project("{2150E333-8FDC-42A3-9474-1A3956D46DE8}") = "App", "App", "{F34B7FAE-FF0C-4338-AA71-7F3A867227C8}"
EndProject
Project("{FAE04EC0-301F-11D3-BF4B-00C04F79EFBC}") = "PlanningPoker.Entities", "PlanningPoker.Entities\PlanningPoker.Entities.csproj", "{C7EA6CAF-F0D6-44DF-A0B0-C4F34B743911}"
EndProject
Global
	GlobalSection(SolutionConfigurationPlatforms) = preSolution
		Debug|Any CPU = Debug|Any CPU
		Release|Any CPU = Release|Any CPU
	EndGlobalSection
	GlobalSection(ProjectConfigurationPlatforms) = postSolution
		{75DACB7E-7069-4C59-8BC5-991E1A465280}.Debug|Any CPU.ActiveCfg = Debug|Any CPU
		{75DACB7E-7069-4C59-8BC5-991E1A465280}.Debug|Any CPU.Build.0 = Debug|Any CPU
		{75DACB7E-7069-4C59-8BC5-991E1A465280}.Release|Any CPU.ActiveCfg = Release|Any CPU
		{75DACB7E-7069-4C59-8BC5-991E1A465280}.Release|Any CPU.Build.0 = Release|Any CPU
		{45F5B5AC-D760-431E-87F3-BE6F095668ED}.Debug|Any CPU.ActiveCfg = Debug|Any CPU
		{45F5B5AC-D760-431E-87F3-BE6F095668ED}.Debug|Any CPU.Build.0 = Debug|Any CPU
		{45F5B5AC-D760-431E-87F3-BE6F095668ED}.Release|Any CPU.ActiveCfg = Release|Any CPU
		{45F5B5AC-D760-431E-87F3-BE6F095668ED}.Release|Any CPU.Build.0 = Release|Any CPU
		{24CE3C36-16B9-426D-AA0C-5961ECF8D88C}.Debug|Any CPU.ActiveCfg = Debug|Any CPU
		{24CE3C36-16B9-426D-AA0C-5961ECF8D88C}.Debug|Any CPU.Build.0 = Debug|Any CPU
		{24CE3C36-16B9-426D-AA0C-5961ECF8D88C}.Release|Any CPU.ActiveCfg = Release|Any CPU
		{24CE3C36-16B9-426D-AA0C-5961ECF8D88C}.Release|Any CPU.Build.0 = Release|Any CPU
		{5CE4026D-49F3-4000-A05C-A09EC3862D8E}.Debug|Any CPU.ActiveCfg = Debug|Any CPU
		{5CE4026D-49F3-4000-A05C-A09EC3862D8E}.Debug|Any CPU.Build.0 = Debug|Any CPU
		{5CE4026D-49F3-4000-A05C-A09EC3862D8E}.Release|Any CPU.ActiveCfg = Release|Any CPU
		{5CE4026D-49F3-4000-A05C-A09EC3862D8E}.Release|Any CPU.Build.0 = Release|Any CPU
		{C7EA6CAF-F0D6-44DF-A0B0-C4F34B743911}.Debug|Any CPU.ActiveCfg = Debug|Any CPU
		{C7EA6CAF-F0D6-44DF-A0B0-C4F34B743911}.Debug|Any CPU.Build.0 = Debug|Any CPU
		{C7EA6CAF-F0D6-44DF-A0B0-C4F34B743911}.Release|Any CPU.ActiveCfg = Release|Any CPU
		{C7EA6CAF-F0D6-44DF-A0B0-C4F34B743911}.Release|Any CPU.Build.0 = Release|Any CPU
	EndGlobalSection
	GlobalSection(NestedProjects) = preSolution
		{75DACB7E-7069-4C59-8BC5-991E1A465280} = {671BC047-91D6-412A-81DC-2B815C7D8A00}
		{45F5B5AC-D760-431E-87F3-BE6F095668ED} = {671BC047-91D6-412A-81DC-2B815C7D8A00}
		{5CE4026D-49F3-4000-A05C-A09EC3862D8E} = {F34B7FAE-FF0C-4338-AA71-7F3A867227C8}
		{24CE3C36-16B9-426D-AA0C-5961ECF8D88C} = {F34B7FAE-FF0C-4338-AA71-7F3A867227C8}
		{C7EA6CAF-F0D6-44DF-A0B0-C4F34B743911} = {671BC047-91D6-412A-81DC-2B815C7D8A00}
	EndGlobalSection
EndGlobal
